PODS:
  - StarIO (2.12.2)
  - StarIO_Extension (1.19.2):
    - StarIO

DEPENDENCIES:
  - StarIO (= 2.12.2)
  - StarIO_Extension (= 1.19.2)

SPEC REPOS:
  "git@192.168.32.36:software_package_manager/cocoapods_specs_private.git":
    - StarIO
    - StarIO_Extension

SPEC CHECKSUMS:
  StarIO: d33090cc1361e70521d65334543feeeebacd2855
  StarIO_Extension: b7c5faf29e40dd279badec477dae451fa05ffa8a

PODFILE CHECKSUM: 5d5628889e91e26ef2d2b4975dfee25946498b18

COCOAPODS: 1.12.1
